// !$*UTF8*$!
{
	archiveVersion = 1;
	classes = {
	};
	objectVersion = 55;
	objects = {

/* Begin PBXBuildFile section */
		497D38CE28CBF17900600CE7 /* DetailViewController.swift in Sources */ = {isa = PBXBuildFile; fileRef = 497D38CD28CBF17900600CE7 /* DetailViewController.swift */; };
		498958B828C4E1070052E87A /* MoviesData.swift in Sources */ = {isa = PBXBuildFile; fileRef = 498958B728C4E1070052E87A /* MoviesData.swift */; };
		498958BA28C4E11D0052E87A /* MoviesManager.swift in Sources */ = {isa = PBXBuildFile; fileRef = 498958B928C4E11D0052E87A /* MoviesManager.swift */; };
		49A0ADE428C3F74600AA160D /* AppDelegate.swift in Sources */ = {isa = PBXBuildFile; fileRef = 49A0ADE328C3F74600AA160D /* AppDelegate.swift */; };
		49A0ADE628C3F74600AA160D /* SceneDelegate.swift in Sources */ = {isa = PBXBuildFile; fileRef = 49A0ADE528C3F74600AA160D /* SceneDelegate.swift */; };
		49A0ADEB28C3F74600AA160D /* Main.storyboard in Resources */ = {isa = PBXBuildFile; fileRef = 49A0ADE928C3F74600AA160D /* Main.storyboard */; };
		49A0ADED28C3F74700AA160D /* Assets.xcassets in Resources */ = {isa = PBXBuildFile; fileRef = 49A0ADEC28C3F74700AA160D /* Assets.xcassets */; };
		49A0ADF028C3F74700AA160D /* LaunchScreen.storyboard in Resources */ = {isa = PBXBuildFile; fileRef = 49A0ADEE28C3F74700AA160D /* LaunchScreen.storyboard */; };
		49A0ADFB28C3FFA900AA160D /* TopRatedViewController.swift in Sources */ = {isa = PBXBuildFile; fileRef = 49A0ADFA28C3FFA900AA160D /* TopRatedViewController.swift */; };
		49A0ADFD28C3FFB000AA160D /* UpcomingViewController.swift in Sources */ = {isa = PBXBuildFile; fileRef = 49A0ADFC28C3FFB000AA160D /* UpcomingViewController.swift */; };
		49A0ADFF28C3FFB800AA160D /* PopularViewController.swift in Sources */ = {isa = PBXBuildFile; fileRef = 49A0ADFE28C3FFB800AA160D /* PopularViewController.swift */; };
		49A0AE0528C4035100AA160D /* Api.swift in Sources */ = {isa = PBXBuildFile; fileRef = 49A0AE0428C4035100AA160D /* Api.swift */; };
/* End PBXBuildFile section */

/* Begin PBXFileReference section */
		497D38CD28CBF17900600CE7 /* DetailViewController.swift */ = {isa = PBXFileReference; lastKnownFileType = sourcecode.swift; path = DetailViewController.swift; sourceTree = "<group>"; };
		498958B728C4E1070052E87A /* MoviesData.swift */ = {isa = PBXFileReference; fileEncoding = 4; lastKnownFileType = sourcecode.swift; path = MoviesData.swift; sourceTree = "<group>"; };
		498958B928C4E11D0052E87A /* MoviesManager.swift */ = {isa = PBXFileReference; fileEncoding = 4; lastKnownFileType = sourcecode.swift; path = MoviesManager.swift; sourceTree = "<group>"; };
		49A0ADE028C3F74600AA160D /* Movies.app */ = {isa = PBXFileReference; explicitFileType = wrapper.application; includeInIndex = 0; path = Movies.app; sourceTree = BUILT_PRODUCTS_DIR; };
		49A0ADE328C3F74600AA160D /* AppDelegate.swift */ = {isa = PBXFileReference; lastKnownFileType = sourcecode.swift; path = AppDelegate.swift; sourceTree = "<group>"; };
		49A0ADE528C3F74600AA160D /* SceneDelegate.swift */ = {isa = PBXFileReference; lastKnownFileType = sourcecode.swift; path = SceneDelegate.swift; sourceTree = "<group>"; };
		49A0ADEA28C3F74600AA160D /* Base */ = {isa = PBXFileReference; lastKnownFileType = file.storyboard; name = Base; path = Base.lproj/Main.storyboard; sourceTree = "<group>"; };
		49A0ADEC28C3F74700AA160D /* Assets.xcassets */ = {isa = PBXFileReference; lastKnownFileType = folder.assetcatalog; path = Assets.xcassets; sourceTree = "<group>"; };
		49A0ADEF28C3F74700AA160D /* Base */ = {isa = PBXFileReference; lastKnownFileType = file.storyboard; name = Base; path = Base.lproj/LaunchScreen.storyboard; sourceTree = "<group>"; };
		49A0ADF128C3F74700AA160D /* Info.plist */ = {isa = PBXFileReference; lastKnownFileType = text.plist.xml; path = Info.plist; sourceTree = "<group>"; };
		49A0ADFA28C3FFA900AA160D /* TopRatedViewController.swift */ = {isa = PBXFileReference; lastKnownFileType = sourcecode.swift; path = TopRatedViewController.swift; sourceTree = "<group>"; };
		49A0ADFC28C3FFB000AA160D /* UpcomingViewController.swift */ = {isa = PBXFileReference; lastKnownFileType = sourcecode.swift; path = UpcomingViewController.swift; sourceTree = "<group>"; };
		49A0ADFE28C3FFB800AA160D /* PopularViewController.swift */ = {isa = PBXFileReference; lastKnownFileType = sourcecode.swift; path = PopularViewController.swift; sourceTree = "<group>"; };
		49A0AE0428C4035100AA160D /* Api.swift */ = {isa = PBXFileReference; lastKnownFileType = sourcecode.swift; path = Api.swift; sourceTree = "<group>"; };
/* End PBXFileReference section */

/* Begin PBXFrameworksBuildPhase section */
		49A0ADDD28C3F74600AA160D /* Frameworks */ = {
			isa = PBXFrameworksBuildPhase;
			buildActionMask = 2147483647;
			files = (
			);
			runOnlyForDeploymentPostprocessing = 0;
		};
/* End PBXFrameworksBuildPhase section */

/* Begin PBXGroup section */
		49A0ADD728C3F74600AA160D = {
			isa = PBXGroup;
			children = (
				49A0ADE228C3F74600AA160D /* Movies */,
				49A0ADE128C3F74600AA160D /* Products */,
			);
			sourceTree = "<group>";
		};
		49A0ADE128C3F74600AA160D /* Products */ = {
			isa = PBXGroup;
			children = (
				49A0ADE028C3F74600AA160D /* Movies.app */,
			);
			name = Products;
			sourceTree = "<group>";
		};
		49A0ADE228C3F74600AA160D /* Movies */ = {
			isa = PBXGroup;
			children = (
				49A0ADF728C3F74E00AA160D /* Supporting Files */,
				49C97E3328C55BF000742E54 /* Contant */,
				49C97E3228C55BD900742E54 /* Model */,
				49C97E3128C55BC700742E54 /* View */,
				49C97E2D28C55B9800742E54 /* Controllers */,
			);
			path = Movies;
			sourceTree = "<group>";
		};
		49A0ADF728C3F74E00AA160D /* Supporting Files */ = {
			isa = PBXGroup;
			children = (
				49A0ADE328C3F74600AA160D /* AppDelegate.swift */,
				49A0ADE528C3F74600AA160D /* SceneDelegate.swift */,
				49A0ADEC28C3F74700AA160D /* Assets.xcassets */,
				49A0ADEE28C3F74700AA160D /* LaunchScreen.storyboard */,
				49A0ADF128C3F74700AA160D /* Info.plist */,
			);
			name = "Supporting Files";
			sourceTree = "<group>";
		};
		49C97E2D28C55B9800742E54 /* Controllers */ = {
			isa = PBXGroup;
			children = (
				49A0ADFA28C3FFA900AA160D /* TopRatedViewController.swift */,
				49A0ADFC28C3FFB000AA160D /* UpcomingViewController.swift */,
				49A0ADFE28C3FFB800AA160D /* PopularViewController.swift */,
				497D38CD28CBF17900600CE7 /* DetailViewController.swift */,
			);
			path = Controllers;
			sourceTree = "<group>";
		};
		49C97E3128C55BC700742E54 /* View */ = {
			isa = PBXGroup;
			children = (
				49A0ADE928C3F74600AA160D /* Main.storyboard */,
			);
			path = View;
			sourceTree = "<group>";
		};
		49C97E3228C55BD900742E54 /* Model */ = {
			isa = PBXGroup;
			children = (
				498958B728C4E1070052E87A /* MoviesData.swift */,
				498958B928C4E11D0052E87A /* MoviesManager.swift */,
			);
			path = Model;
			sourceTree = "<group>";
		};
		49C97E3328C55BF000742E54 /* Contant */ = {
			isa = PBXGroup;
			children = (
				49A0AE0428C4035100AA160D /* Api.swift */,
			);
			path = Contant;
			sourceTree = "<group>";
		};
/* End PBXGroup section */

/* Begin PBXNativeTarget section */
		49A0ADDF28C3F74600AA160D /* Movies */ = {
			isa = PBXNativeTarget;
			buildConfigurationList = 49A0ADF428C3F74700AA160D /* Build configuration list for PBXNativeTarget "Movies" */;
			buildPhases = (
				49A0ADDC28C3F74600AA160D /* Sources */,
				49A0ADDD28C3F74600AA160D /* Frameworks */,
				49A0ADDE28C3F74600AA160D /* Resources */,
			);
			buildRules = (
			);
			dependencies = (
			);
			name = Movies;
			productName = Movies;
			productReference = 49A0ADE028C3F74600AA160D /* Movies.app */;
			productType = "com.apple.product-type.application";
		};
/* End PBXNativeTarget section */

/* Begin PBXProject section */
		49A0ADD828C3F74600AA160D /* Project object */ = {
			isa = PBXProject;
			attributes = {
				BuildIndependentTargetsInParallel = 1;
				LastSwiftUpdateCheck = 1340;
				LastUpgradeCheck = 1340;
				TargetAttributes = {
					49A0ADDF28C3F74600AA160D = {
						CreatedOnToolsVersion = 13.4.1;
					};
				};
			};
			buildConfigurationList = 49A0ADDB28C3F74600AA160D /* Build configuration list for PBXProject "Movies" */;
			compatibilityVersion = "Xcode 13.0";
			developmentRegion = en;
			hasScannedForEncodings = 0;
			knownRegions = (
				en,
				Base,
			);
			mainGroup = 49A0ADD728C3F74600AA160D;
			productRefGroup = 49A0ADE128C3F74600AA160D /* Products */;
			projectDirPath = "";
			projectRoot = "";
			targets = (
				49A0ADDF28C3F74600AA160D /* Movies */,
			);
		};
/* End PBXProject section */

/* Begin PBXResourcesBuildPhase section */
		49A0ADDE28C3F74600AA160D /* Resources */ = {
			isa = PBXResourcesBuildPhase;
			buildActionMask = 2147483647;
			files = (
				49A0ADF028C3F74700AA160D /* LaunchScreen.storyboard in Resources */,
				49A0ADED28C3F74700AA160D /* Assets.xcassets in Resources */,
				49A0ADEB28C3F74600AA160D /* Main.storyboard in Resources */,
			);
			runOnlyForDeploymentPostprocessing = 0;
		};
/* End PBXResourcesBuildPhase section */

/* Begin PBXSourcesBuildPhase section */
		49A0ADDC28C3F74600AA160D /* Sources */ = {
			isa = PBXSourcesBuildPhase;
			buildActionMask = 2147483647;
			files = (
				497D38CE28CBF17900600CE7 /* DetailViewController.swift in Sources */,
				49A0AE0528C4035100AA160D /* Api.swift in Sources */,
				49A0ADFD28C3FFB000AA160D /* UpcomingViewController.swift in Sources */,
				49A0ADFF28C3FFB800AA160D /* PopularViewController.swift in Sources */,
				498958BA28C4E11D0052E87A /* MoviesManager.swift in Sources */,
				498958B828C4E1070052E87A /* MoviesData.swift in Sources */,
				49A0ADE428C3F74600AA160D /* AppDelegate.swift in Sources */,
				49A0ADE628C3F74600AA160D /* SceneDelegate.swift in Sources */,
				49A0ADFB28C3FFA900AA160D /* TopRatedViewController.swift in Sources */,
			);
			runOnlyForDeploymentPostprocessing = 0;
		};
/* End PBXSourcesBuildPhase section */

/* Begin PBXVariantGroup section */
		49A0ADE928C3F74600AA160D /* Main.storyboard */ = {
			isa = PBXVariantGroup;
			children = (
				49A0ADEA28C3F74600AA160D /* Base */,
			);
			name = Main.storyboard;
			sourceTree = "<group>";
		};
		49A0ADEE28C3F74700AA160D /* LaunchScreen.storyboard */ = {
			isa = PBXVariantGroup;
			children = (
				49A0ADEF28C3F74700AA160D /* Base */,
			);
			name = LaunchScreen.storyboard;
			sourceTree = "<group>";
		};
/* End PBXVariantGroup section */

/* Begin XCBuildConfiguration section */
		49A0ADF228C3F74700AA160D /* Debug */ = {
			isa = XCBuildConfiguration;
			buildSettings = {
				ALWAYS_SEARCH_USER_PATHS = NO;
				CLANG_ANALYZER_NONNULL = YES;
				CLANG_ANALYZER_NUMBER_OBJECT_CONVERSION = YES_AGGRESSIVE;
				CLANG_CXX_LANGUAGE_STANDARD = "gnu++17";
				CLANG_ENABLE_MODULES = YES;
				CLANG_ENABLE_OBJC_ARC = YES;
				CLANG_ENABLE_OBJC_WEAK = YES;
				CLANG_WARN_BLOCK_CAPTURE_AUTORELEASING = YES;
				CLANG_WARN_BOOL_CONVERSION = YES;
				CLANG_WARN_COMMA = YES;
				CLANG_WARN_CONSTANT_CONVERSION = YES;
				CLANG_WARN_DEPRECATED_OBJC_IMPLEMENTATIONS = YES;
				CLANG_WARN_DIRECT_OBJC_ISA_USAGE = YES_ERROR;
				CLANG_WARN_DOCUMENTATION_COMMENTS = YES;
				CLANG_WARN_EMPTY_BODY = YES;
				CLANG_WARN_ENUM_CONVERSION = YES;
				CLANG_WARN_INFINITE_RECURSION = YES;
				CLANG_WARN_INT_CONVERSION = YES;
				CLANG_WARN_NON_LITERAL_NULL_CONVERSION = YES;
				CLANG_WARN_OBJC_IMPLICIT_RETAIN_SELF = YES;
				CLANG_WARN_OBJC_LITERAL_CONVERSION = YES;
				CLANG_WARN_OBJC_ROOT_CLASS = YES_ERROR;
				CLANG_WARN_QUOTED_INCLUDE_IN_FRAMEWORK_HEADER = YES;
				CLANG_WARN_RANGE_LOOP_ANALYSIS = YES;
				CLANG_WARN_STRICT_PROTOTYPES = YES;
				CLANG_WARN_SUSPICIOUS_MOVE = YES;
				CLANG_WARN_UNGUARDED_AVAILABILITY = YES_AGGRESSIVE;
				CLANG_WARN_UNREACHABLE_CODE = YES;
				CLANG_WARN__DUPLICATE_METHOD_MATCH = YES;
				COPY_PHASE_STRIP = NO;
				DEBUG_INFORMATION_FORMAT = dwarf;
				ENABLE_STRICT_OBJC_MSGSEND = YES;
				ENABLE_TESTABILITY = YES;
				GCC_C_LANGUAGE_STANDARD = gnu11;
				GCC_DYNAMIC_NO_PIC = NO;
				GCC_NO_COMMON_BLOCKS = YES;
				GCC_OPTIMIZATION_LEVEL = 0;
				GCC_PREPROCESSOR_DEFINITIONS = (
					"DEBUG=1",
					"$(inherited)",
				);
				GCC_WARN_64_TO_32_BIT_CONVERSION = YES;
				GCC_WARN_ABOUT_RETURN_TYPE = YES_ERROR;
				GCC_WARN_UNDECLARED_SELECTOR = YES;
				GCC_WARN_UNINITIALIZED_AUTOS = YES_AGGRESSIVE;
				GCC_WARN_UNUSED_FUNCTION = YES;
				GCC_WARN_UNUSED_VARIABLE = YES;
				IPHONEOS_DEPLOYMENT_TARGET = 15.5;
				MTL_ENABLE_DEBUG_INFO = INCLUDE_SOURCE;
				MTL_FAST_MATH = YES;
				ONLY_ACTIVE_ARCH = YES;
				SDKROOT = iphoneos;
				SWIFT_ACTIVE_COMPILATION_CONDITIONS = DEBUG;
				SWIFT_OPTIMIZATION_LEVEL = "-Onone";
			};
			name = Debug;
		};
		49A0ADF328C3F74700AA160D /* Release */ = {
			isa = XCBuildConfiguration;
			buildSettings = {
				ALWAYS_SEARCH_USER_PATHS = NO;
				CLANG_ANALYZER_NONNULL = YES;
				CLANG_ANALYZER_NUMBER_OBJECT_CONVERSION = YES_AGGRESSIVE;
				CLANG_CXX_LANGUAGE_STANDARD = "gnu++17";
				CLANG_ENABLE_MODULES = YES;
				CLANG_ENABLE_OBJC_ARC = YES;
				CLANG_ENABLE_OBJC_WEAK = YES;
				CLANG_WARN_BLOCK_CAPTURE_AUTORELEASING = YES;
				CLANG_WARN_BOOL_CONVERSION = YES;
				CLANG_WARN_COMMA = YES;
				CLANG_WARN_CONSTANT_CONVERSION = YES;
				CLANG_WARN_DEPRECATED_OBJC_IMPLEMENTATIONS = YES;
				CLANG_WARN_DIRECT_OBJC_ISA_USAGE = YES_ERROR;
				CLANG_WARN_DOCUMENTATION_COMMENTS = YES;
				CLANG_WARN_EMPTY_BODY = YES;
				CLANG_WARN_ENUM_CONVERSION = YES;
				CLANG_WARN_INFINITE_RECURSION = YES;
				CLANG_WARN_INT_CONVERSION = YES;
				CLANG_WARN_NON_LITERAL_NULL_CONVERSION = YES;
				CLANG_WARN_OBJC_IMPLICIT_RETAIN_SELF = YES;
				CLANG_WARN_OBJC_LITERAL_CONVERSION = YES;
				CLANG_WARN_OBJC_ROOT_CLASS = YES_ERROR;
				CLANG_WARN_QUOTED_INCLUDE_IN_FRAMEWORK_HEADER = YES;
				CLANG_WARN_RANGE_LOOP_ANALYSIS = YES;
				CLANG_WARN_STRICT_PROTOTYPES = YES;
				CLANG_WARN_SUSPICIOUS_MOVE = YES;
				CLANG_WARN_UNGUARDED_AVAILABILITY = YES_AGGRESSIVE;
				CLANG_WARN_UNREACHABLE_CODE = YES;
				CLANG_WARN__DUPLICATE_METHOD_MATCH = YES;
				COPY_PHASE_STRIP = NO;
				DEBUG_INFORMATION_FORMAT = "dwarf-with-dsym";
				ENABLE_NS_ASSERTIONS = NO;
				ENABLE_STRICT_OBJC_MSGSEND = YES;
				GCC_C_LANGUAGE_STANDARD = gnu11;
				GCC_NO_COMMON_BLOCKS = YES;
				GCC_WARN_64_TO_32_BIT_CONVERSION = YES;
				GCC_WARN_ABOUT_RETURN_TYPE = YES_ERROR;
				GCC_WARN_UNDECLARED_SELECTOR = YES;
				GCC_WARN_UNINITIALIZED_AUTOS = YES_AGGRESSIVE;
				GCC_WARN_UNUSED_FUNCTION = YES;
				GCC_WARN_UNUSED_VARIABLE = YES;
				IPHONEOS_DEPLOYMENT_TARGET = 15.5;
				MTL_ENABLE_DEBUG_INFO = NO;
				MTL_FAST_MATH = YES;
				SDKROOT = iphoneos;
				SWIFT_COMPILATION_MODE = wholemodule;
				SWIFT_OPTIMIZATION_LEVEL = "-O";
				VALIDATE_PRODUCT = YES;
			};
			name = Release;
		};
		49A0ADF528C3F74700AA160D /* Debug */ = {
			isa = XCBuildConfiguration;
			buildSettings = {
				ASSETCATALOG_COMPILER_APPICON_NAME = AppIcon;
				ASSETCATALOG_COMPILER_GLOBAL_ACCENT_COLOR_NAME = AccentColor;
				CODE_SIGN_STYLE = Automatic;
				CURRENT_PROJECT_VERSION = 1;
				DEVELOPMENT_TEAM = 6V95RY6DBJ;
				GENERATE_INFOPLIST_FILE = YES;
				INFOPLIST_FILE = Movies/Info.plist;
				INFOPLIST_KEY_UIApplicationSupportsIndirectInputEvents = YES;
				INFOPLIST_KEY_UILaunchStoryboardName = LaunchScreen;
				INFOPLIST_KEY_UIMainStoryboardFile = Main;
				INFOPLIST_KEY_UISupportedInterfaceOrientations = UIInterfaceOrientationPortrait;
				INFOPLIST_KEY_UISupportedInterfaceOrientations_iPad = "UIInterfaceOrientationPortrait UIInterfaceOrientationPortraitUpsideDown UIInterfaceOrientationLandscapeLeft UIInterfaceOrientationLandscapeRight";
				INFOPLIST_KEY_UISupportedInterfaceOrientations_iPhone = "UIInterfaceOrientationPortrait UIInterfaceOrientationLandscapeLeft UIInterfaceOrientationLandscapeRight";
				LD_RUNPATH_SEARCH_PATHS = (
					"$(inherited)",
					"@executable_path/Frameworks",
				);
				MARKETING_VERSION = 1.0;
				PRODUCT_BUNDLE_IDENTIFIER = info.Movies;
				PRODUCT_NAME = "$(TARGET_NAME)";
				SWIFT_EMIT_LOC_STRINGS = YES;
				SWIFT_VERSION = 5.0;
				TARGETED_DEVICE_FAMILY = 1;
			};
			name = Debug;
		};
		49A0ADF628C3F74700AA160D /* Release */ = {
			isa = XCBuildConfiguration;
			buildSettings = {
				ASSETCATALOG_COMPILER_APPICON_NAME = AppIcon;
				ASSETCATALOG_COMPILER_GLOBAL_ACCENT_COLOR_NAME = AccentColor;
				CODE_SIGN_STYLE = Automatic;
				CURRENT_PROJECT_VERSION = 1;
				DEVELOPMENT_TEAM = 6V95RY6DBJ;
				GENERATE_INFOPLIST_FILE = YES;
				INFOPLIST_FILE = Movies/Info.plist;
				INFOPLIST_KEY_UIApplicationSupportsIndirectInputEvents = YES;
				INFOPLIST_KEY_UILaunchStoryboardName = LaunchScreen;
				INFOPLIST_KEY_UIMainStoryboardFile = Main;
				INFOPLIST_KEY_UISupportedInterfaceOrientations = UIInterfaceOrientationPortrait;
				INFOPLIST_KEY_UISupportedInterfaceOrientations_iPad = "UIInterfaceOrientationPortrait UIInterfaceOrientationPortraitUpsideDown UIInterfaceOrientationLandscapeLeft UIInterfaceOrientationLandscapeRight";
				INFOPLIST_KEY_UISupportedInterfaceOrientations_iPhone = "UIInterfaceOrientationPortrait UIInterfaceOrientationLandscapeLeft UIInterfaceOrientationLandscapeRight";
				LD_RUNPATH_SEARCH_PATHS = (
					"$(inherited)",
					"@executable_path/Frameworks",
				);
				MARKETING_VERSION = 1.0;
				PRODUCT_BUNDLE_IDENTIFIER = info.Movies;
				PRODUCT_NAME = "$(TARGET_NAME)";
				SWIFT_EMIT_LOC_STRINGS = YES;
				SWIFT_VERSION = 5.0;
				TARGETED_DEVICE_FAMILY = 1;
			};
			name = Release;
		};
/* End XCBuildConfiguration section */

/* Begin XCConfigurationList section */
		49A0ADDB28C3F74600AA160D /* Build configuration list for PBXProject "Movies" */ = {
			isa = XCConfigurationList;
			buildConfigurations = (
				49A0ADF228C3F74700AA160D /* Debug */,
				49A0ADF328C3F74700AA160D /* Release */,
			);
			defaultConfigurationIsVisible = 0;
			defaultConfigurationName = Release;
		};
		49A0ADF428C3F74700AA160D /* Build configuration list for PBXNativeTarget "Movies" */ = {
			isa = XCConfigurationList;
			buildConfigurations = (
				49A0ADF528C3F74700AA160D /* Debug */,
				49A0ADF628C3F74700AA160D /* Release */,
			);
			defaultConfigurationIsVisible = 0;
			defaultConfigurationName = Release;
		};
/* End XCConfigurationList section */
	};
	rootObject = 49A0ADD828C3F74600AA160D /* Project object */;
}
